// !$*UTF8*$!
{
	archiveVersion = 1;
	classes = {
	};
	objectVersion = 55;
	objects = {

/* Begin PBXBuildFile section */
		0191F4672846712500B29F6C /* AppDelegate.swift in Sources */ = {isa = PBXBuildFile; fileRef = 0191F4662846712500B29F6C /* AppDelegate.swift */; };
		0191F4692846712500B29F6C /* SceneDelegate.swift in Sources */ = {isa = PBXBuildFile; fileRef = 0191F4682846712500B29F6C /* SceneDelegate.swift */; };
		0191F46B2846712500B29F6C /* ViewController.swift in Sources */ = {isa = PBXBuildFile; fileRef = 0191F46A2846712500B29F6C /* ViewController.swift */; };
		0191F46E2846712500B29F6C /* Main.storyboard in Resources */ = {isa = PBXBuildFile; fileRef = 0191F46C2846712500B29F6C /* Main.storyboard */; };
		0191F4702846712600B29F6C /* Assets.xcassets in Resources */ = {isa = PBXBuildFile; fileRef = 0191F46F2846712600B29F6C /* Assets.xcassets */; };
		0191F4732846712600B29F6C /* LaunchScreen.storyboard in Resources */ = {isa = PBXBuildFile; fileRef = 0191F4712846712600B29F6C /* LaunchScreen.storyboard */; };
		0191F47E2846712700B29F6C /* ADG_LoginTests.swift in Sources */ = {isa = PBXBuildFile; fileRef = 0191F47D2846712700B29F6C /* ADG_LoginTests.swift */; };
		0191F4882846712700B29F6C /* ADG_LoginUITests.swift in Sources */ = {isa = PBXBuildFile; fileRef = 0191F4872846712700B29F6C /* ADG_LoginUITests.swift */; };
		0191F48A2846712700B29F6C /* ADG_LoginUITestsLaunchTests.swift in Sources */ = {isa = PBXBuildFile; fileRef = 0191F4892846712700B29F6C /* ADG_LoginUITestsLaunchTests.swift */; };
		0191F4972846765100B29F6C /* SignUpViewController.swift in Sources */ = {isa = PBXBuildFile; fileRef = 0191F4962846765100B29F6C /* SignUpViewController.swift */; };
		01ED640B28476D82007F06E3 /* DetailsViewController.swift in Sources */ = {isa = PBXBuildFile; fileRef = 01ED640A28476D82007F06E3 /* DetailsViewController.swift */; };
/* End PBXBuildFile section */

/* Begin PBXContainerItemProxy section */
		0191F47A2846712700B29F6C /* PBXContainerItemProxy */ = {
			isa = PBXContainerItemProxy;
			containerPortal = 0191F45B2846712500B29F6C /* Project object */;
			proxyType = 1;
			remoteGlobalIDString = 0191F4622846712500B29F6C;
			remoteInfo = "ADG Login";
		};
		0191F4842846712700B29F6C /* PBXContainerItemProxy */ = {
			isa = PBXContainerItemProxy;
			containerPortal = 0191F45B2846712500B29F6C /* Project object */;
			proxyType = 1;
			remoteGlobalIDString = 0191F4622846712500B29F6C;
			remoteInfo = "ADG Login";
		};
/* End PBXContainerItemProxy section */

/* Begin PBXFileReference section */
		0191F4632846712500B29F6C /* ADG Login.app */ = {isa = PBXFileReference; explicitFileType = wrapper.application; includeInIndex = 0; path = "ADG Login.app"; sourceTree = BUILT_PRODUCTS_DIR; };
		0191F4662846712500B29F6C /* AppDelegate.swift */ = {isa = PBXFileReference; lastKnownFileType = sourcecode.swift; path = AppDelegate.swift; sourceTree = "<group>"; };
		0191F4682846712500B29F6C /* SceneDelegate.swift */ = {isa = PBXFileReference; lastKnownFileType = sourcecode.swift; path = SceneDelegate.swift; sourceTree = "<group>"; };
		0191F46A2846712500B29F6C /* ViewController.swift */ = {isa = PBXFileReference; lastKnownFileType = sourcecode.swift; path = ViewController.swift; sourceTree = "<group>"; };
		0191F46D2846712500B29F6C /* Base */ = {isa = PBXFileReference; lastKnownFileType = file.storyboard; name = Base; path = Base.lproj/Main.storyboard; sourceTree = "<group>"; };
		0191F46F2846712600B29F6C /* Assets.xcassets */ = {isa = PBXFileReference; lastKnownFileType = folder.assetcatalog; path = Assets.xcassets; sourceTree = "<group>"; };
		0191F4722846712600B29F6C /* Base */ = {isa = PBXFileReference; lastKnownFileType = file.storyboard; name = Base; path = Base.lproj/LaunchScreen.storyboard; sourceTree = "<group>"; };
		0191F4742846712600B29F6C /* Info.plist */ = {isa = PBXFileReference; lastKnownFileType = text.plist.xml; path = Info.plist; sourceTree = "<group>"; };
		0191F4792846712700B29F6C /* ADG LoginTests.xctest */ = {isa = PBXFileReference; explicitFileType = wrapper.cfbundle; includeInIndex = 0; path = "ADG LoginTests.xctest"; sourceTree = BUILT_PRODUCTS_DIR; };
		0191F47D2846712700B29F6C /* ADG_LoginTests.swift */ = {isa = PBXFileReference; lastKnownFileType = sourcecode.swift; path = ADG_LoginTests.swift; sourceTree = "<group>"; };
		0191F4832846712700B29F6C /* ADG LoginUITests.xctest */ = {isa = PBXFileReference; explicitFileType = wrapper.cfbundle; includeInIndex = 0; path = "ADG LoginUITests.xctest"; sourceTree = BUILT_PRODUCTS_DIR; };
		0191F4872846712700B29F6C /* ADG_LoginUITests.swift */ = {isa = PBXFileReference; lastKnownFileType = sourcecode.swift; path = ADG_LoginUITests.swift; sourceTree = "<group>"; };
		0191F4892846712700B29F6C /* ADG_LoginUITestsLaunchTests.swift */ = {isa = PBXFileReference; lastKnownFileType = sourcecode.swift; path = ADG_LoginUITestsLaunchTests.swift; sourceTree = "<group>"; };
		0191F4962846765100B29F6C /* SignUpViewController.swift */ = {isa = PBXFileReference; lastKnownFileType = sourcecode.swift; path = SignUpViewController.swift; sourceTree = "<group>"; };
		01ED640A28476D82007F06E3 /* DetailsViewController.swift */ = {isa = PBXFileReference; lastKnownFileType = sourcecode.swift; path = DetailsViewController.swift; sourceTree = "<group>"; };
/* End PBXFileReference section */

/* Begin PBXFrameworksBuildPhase section */
		0191F4602846712500B29F6C /* Frameworks */ = {
			isa = PBXFrameworksBuildPhase;
			buildActionMask = 2147483647;
			files = (
			);
			runOnlyForDeploymentPostprocessing = 0;
		};
		0191F4762846712700B29F6C /* Frameworks */ = {
			isa = PBXFrameworksBuildPhase;
			buildActionMask = 2147483647;
			files = (
			);
			runOnlyForDeploymentPostprocessing = 0;
		};
		0191F4802846712700B29F6C /* Frameworks */ = {
			isa = PBXFrameworksBuildPhase;
			buildActionMask = 2147483647;
			files = (
			);
			runOnlyForDeploymentPostprocessing = 0;
		};
/* End PBXFrameworksBuildPhase section */

/* Begin PBXGroup section */
		0191F45A2846712500B29F6C = {
			isa = PBXGroup;
			children = (
				0191F4652846712500B29F6C /* ADG Login */,
				0191F47C2846712700B29F6C /* ADG LoginTests */,
				0191F4862846712700B29F6C /* ADG LoginUITests */,
				0191F4642846712500B29F6C /* Products */,
			);
			sourceTree = "<group>";
		};
		0191F4642846712500B29F6C /* Products */ = {
			isa = PBXGroup;
			children = (
				0191F4632846712500B29F6C /* ADG Login.app */,
				0191F4792846712700B29F6C /* ADG LoginTests.xctest */,
				0191F4832846712700B29F6C /* ADG LoginUITests.xctest */,
			);
			name = Products;
			sourceTree = "<group>";
		};
		0191F4652846712500B29F6C /* ADG Login */ = {
			isa = PBXGroup;
			children = (
				0191F4662846712500B29F6C /* AppDelegate.swift */,
				0191F4682846712500B29F6C /* SceneDelegate.swift */,
				0191F46A2846712500B29F6C /* ViewController.swift */,
				0191F4962846765100B29F6C /* SignUpViewController.swift */,
				01ED640A28476D82007F06E3 /* DetailsViewController.swift */,
				0191F46C2846712500B29F6C /* Main.storyboard */,
				0191F46F2846712600B29F6C /* Assets.xcassets */,
				0191F4712846712600B29F6C /* LaunchScreen.storyboard */,
				0191F4742846712600B29F6C /* Info.plist */,
			);
			path = "ADG Login";
			sourceTree = "<group>";
		};
		0191F47C2846712700B29F6C /* ADG LoginTests */ = {
			isa = PBXGroup;
			children = (
				0191F47D2846712700B29F6C /* ADG_LoginTests.swift */,
			);
			path = "ADG LoginTests";
			sourceTree = "<group>";
		};
		0191F4862846712700B29F6C /* ADG LoginUITests */ = {
			isa = PBXGroup;
			children = (
				0191F4872846712700B29F6C /* ADG_LoginUITests.swift */,
				0191F4892846712700B29F6C /* ADG_LoginUITestsLaunchTests.swift */,
			);
			path = "ADG LoginUITests";
			sourceTree = "<group>";
		};
/* End PBXGroup section */

/* Begin PBXNativeTarget section */
		0191F4622846712500B29F6C /* ADG Login */ = {
			isa = PBXNativeTarget;
			buildConfigurationList = 0191F48D2846712700B29F6C /* Build configuration list for PBXNativeTarget "ADG Login" */;
			buildPhases = (
				0191F45F2846712500B29F6C /* Sources */,
				0191F4602846712500B29F6C /* Frameworks */,
				0191F4612846712500B29F6C /* Resources */,
			);
			buildRules = (
			);
			dependencies = (
			);
			name = "ADG Login";
			productName = "ADG Login";
			productReference = 0191F4632846712500B29F6C /* ADG Login.app */;
			productType = "com.apple.product-type.application";
		};
		0191F4782846712700B29F6C /* ADG LoginTests */ = {
			isa = PBXNativeTarget;
			buildConfigurationList = 0191F4902846712700B29F6C /* Build configuration list for PBXNativeTarget "ADG LoginTests" */;
			buildPhases = (
				0191F4752846712700B29F6C /* Sources */,
				0191F4762846712700B29F6C /* Frameworks */,
				0191F4772846712700B29F6C /* Resources */,
			);
			buildRules = (
			);
			dependencies = (
				0191F47B2846712700B29F6C /* PBXTargetDependency */,
			);
			name = "ADG LoginTests";
			productName = "ADG LoginTests";
			productReference = 0191F4792846712700B29F6C /* ADG LoginTests.xctest */;
			productType = "com.apple.product-type.bundle.unit-test";
		};
		0191F4822846712700B29F6C /* ADG LoginUITests */ = {
			isa = PBXNativeTarget;
			buildConfigurationList = 0191F4932846712700B29F6C /* Build configuration list for PBXNativeTarget "ADG LoginUITests" */;
			buildPhases = (
				0191F47F2846712700B29F6C /* Sources */,
				0191F4802846712700B29F6C /* Frameworks */,
				0191F4812846712700B29F6C /* Resources */,
			);
			buildRules = (
			);
			dependencies = (
				0191F4852846712700B29F6C /* PBXTargetDependency */,
			);
			name = "ADG LoginUITests";
			productName = "ADG LoginUITests";
			productReference = 0191F4832846712700B29F6C /* ADG LoginUITests.xctest */;
			productType = "com.apple.product-type.bundle.ui-testing";
		};
/* End PBXNativeTarget section */

/* Begin PBXProject section */
		0191F45B2846712500B29F6C /* Project object */ = {
			isa = PBXProject;
			attributes = {
				BuildIndependentTargetsInParallel = 1;
				LastSwiftUpdateCheck = 1340;
				LastUpgradeCheck = 1340;
				TargetAttributes = {
					0191F4622846712500B29F6C = {
						CreatedOnToolsVersion = 13.4;
					};
					0191F4782846712700B29F6C = {
						CreatedOnToolsVersion = 13.4;
						TestTargetID = 0191F4622846712500B29F6C;
					};
					0191F4822846712700B29F6C = {
						CreatedOnToolsVersion = 13.4;
						TestTargetID = 0191F4622846712500B29F6C;
					};
				};
			};
			buildConfigurationList = 0191F45E2846712500B29F6C /* Build configuration list for PBXProject "ADG Login" */;
			compatibilityVersion = "Xcode 13.0";
			developmentRegion = en;
			hasScannedForEncodings = 0;
			knownRegions = (
				en,
				Base,
			);
			mainGroup = 0191F45A2846712500B29F6C;
			productRefGroup = 0191F4642846712500B29F6C /* Products */;
			projectDirPath = "";
			projectRoot = "";
			targets = (
				0191F4622846712500B29F6C /* ADG Login */,
				0191F4782846712700B29F6C /* ADG LoginTests */,
				0191F4822846712700B29F6C /* ADG LoginUITests */,
			);
		};
/* End PBXProject section */

/* Begin PBXResourcesBuildPhase section */
		0191F4612846712500B29F6C /* Resources */ = {
			isa = PBXResourcesBuildPhase;
			buildActionMask = 2147483647;
			files = (
				0191F4732846712600B29F6C /* LaunchScreen.storyboard in Resources */,
				0191F4702846712600B29F6C /* Assets.xcassets in Resources */,
				0191F46E2846712500B29F6C /* Main.storyboard in Resources */,
			);
			runOnlyForDeploymentPostprocessing = 0;
		};
		0191F4772846712700B29F6C /* Resources */ = {
			isa = PBXResourcesBuildPhase;
			buildActionMask = 2147483647;
			files = (
			);
			runOnlyForDeploymentPostprocessing = 0;
		};
		0191F4812846712700B29F6C /* Resources */ = {
			isa = PBXResourcesBuildPhase;
			buildActionMask = 2147483647;
			files = (
			);
			runOnlyForDeploymentPostprocessing = 0;
		};
/* End PBXResourcesBuildPhase section */

/* Begin PBXSourcesBuildPhase section */
		0191F45F2846712500B29F6C /* Sources */ = {
			isa = PBXSourcesBuildPhase;
			buildActionMask = 2147483647;
			files = (
				0191F46B2846712500B29F6C /* ViewController.swift in Sources */,
				0191F4672846712500B29F6C /* AppDelegate.swift in Sources */,
				0191F4972846765100B29F6C /* SignUpViewController.swift in Sources */,
				0191F4692846712500B29F6C /* SceneDelegate.swift in Sources */,
				01ED640B28476D82007F06E3 /* DetailsViewController.swift in Sources */,
			);
			runOnlyForDeploymentPostprocessing = 0;
		};
		0191F4752846712700B29F6C /* Sources */ = {
			isa = PBXSourcesBuildPhase;
			buildActionMask = 2147483647;
			files = (
				0191F47E2846712700B29F6C /* ADG_LoginTests.swift in Sources */,
			);
			runOnlyForDeploymentPostprocessing = 0;
		};
		0191F47F2846712700B29F6C /* Sources */ = {
			isa = PBXSourcesBuildPhase;
			buildActionMask = 2147483647;
			files = (
				0191F4882846712700B29F6C /* ADG_LoginUITests.swift in Sources */,
				0191F48A2846712700B29F6C /* ADG_LoginUITestsLaunchTests.swift in Sources */,
			);
			runOnlyForDeploymentPostprocessing = 0;
		};
/* End PBXSourcesBuildPhase section */

/* Begin PBXTargetDependency section */
		0191F47B2846712700B29F6C /* PBXTargetDependency */ = {
			isa = PBXTargetDependency;
			target = 0191F4622846712500B29F6C /* ADG Login */;
			targetProxy = 0191F47A2846712700B29F6C /* PBXContainerItemProxy */;
		};
		0191F4852846712700B29F6C /* PBXTargetDependency */ = {
			isa = PBXTargetDependency;
			target = 0191F4622846712500B29F6C /* ADG Login */;
			targetProxy = 0191F4842846712700B29F6C /* PBXContainerItemProxy */;
		};
/* End PBXTargetDependency section */

/* Begin PBXVariantGroup section */
		0191F46C2846712500B29F6C /* Main.storyboard */ = {
			isa = PBXVariantGroup;
			children = (
				0191F46D2846712500B29F6C /* Base */,
			);
			name = Main.storyboard;
			sourceTree = "<group>";
		};
		0191F4712846712600B29F6C /* LaunchScreen.storyboard */ = {
			isa = PBXVariantGroup;
			children = (
				0191F4722846712600B29F6C /* Base */,
			);
			name = LaunchScreen.storyboard;
			sourceTree = "<group>";
		};
/* End PBXVariantGroup section */

/* Begin XCBuildConfiguration section */
		0191F48B2846712700B29F6C /* Debug */ = {
			isa = XCBuildConfiguration;
			buildSettings = {
				ALWAYS_SEARCH_USER_PATHS = NO;
				CLANG_ANALYZER_NONNULL = YES;
				CLANG_ANALYZER_NUMBER_OBJECT_CONVERSION = YES_AGGRESSIVE;
				CLANG_CXX_LANGUAGE_STANDARD = "gnu++17";
				CLANG_ENABLE_MODULES = YES;
				CLANG_ENABLE_OBJC_ARC = YES;
				CLANG_ENABLE_OBJC_WEAK = YES;
				CLANG_WARN_BLOCK_CAPTURE_AUTORELEASING = YES;
				CLANG_WARN_BOOL_CONVERSION = YES;
				CLANG_WARN_COMMA = YES;
				CLANG_WARN_CONSTANT_CONVERSION = YES;
				CLANG_WARN_DEPRECATED_OBJC_IMPLEMENTATIONS = YES;
				CLANG_WARN_DIRECT_OBJC_ISA_USAGE = YES_ERROR;
				CLANG_WARN_DOCUMENTATION_COMMENTS = YES;
				CLANG_WARN_EMPTY_BODY = YES;
				CLANG_WARN_ENUM_CONVERSION = YES;
				CLANG_WARN_INFINITE_RECURSION = YES;
				CLANG_WARN_INT_CONVERSION = YES;
				CLANG_WARN_NON_LITERAL_NULL_CONVERSION = YES;
				CLANG_WARN_OBJC_IMPLICIT_RETAIN_SELF = YES;
				CLANG_WARN_OBJC_LITERAL_CONVERSION = YES;
				CLANG_WARN_OBJC_ROOT_CLASS = YES_ERROR;
				CLANG_WARN_QUOTED_INCLUDE_IN_FRAMEWORK_HEADER = YES;
				CLANG_WARN_RANGE_LOOP_ANALYSIS = YES;
				CLANG_WARN_STRICT_PROTOTYPES = YES;
				CLANG_WARN_SUSPICIOUS_MOVE = YES;
				CLANG_WARN_UNGUARDED_AVAILABILITY = YES_AGGRESSIVE;
				CLANG_WARN_UNREACHABLE_CODE = YES;
				CLANG_WARN__DUPLICATE_METHOD_MATCH = YES;
				COPY_PHASE_STRIP = NO;
				DEBUG_INFORMATION_FORMAT = dwarf;
				ENABLE_STRICT_OBJC_MSGSEND = YES;
				ENABLE_TESTABILITY = YES;
				GCC_C_LANGUAGE_STANDARD = gnu11;
				GCC_DYNAMIC_NO_PIC = NO;
				GCC_NO_COMMON_BLOCKS = YES;
				GCC_OPTIMIZATION_LEVEL = 0;
				GCC_PREPROCESSOR_DEFINITIONS = (
					"DEBUG=1",
					"$(inherited)",
				);
				GCC_WARN_64_TO_32_BIT_CONVERSION = YES;
				GCC_WARN_ABOUT_RETURN_TYPE = YES_ERROR;
				GCC_WARN_UNDECLARED_SELECTOR = YES;
				GCC_WARN_UNINITIALIZED_AUTOS = YES_AGGRESSIVE;
				GCC_WARN_UNUSED_FUNCTION = YES;
				GCC_WARN_UNUSED_VARIABLE = YES;
				IPHONEOS_DEPLOYMENT_TARGET = 15.5;
				MTL_ENABLE_DEBUG_INFO = INCLUDE_SOURCE;
				MTL_FAST_MATH = YES;
				ONLY_ACTIVE_ARCH = YES;
				SDKROOT = iphoneos;
				SWIFT_ACTIVE_COMPILATION_CONDITIONS = DEBUG;
				SWIFT_OPTIMIZATION_LEVEL = "-Onone";
			};
			name = Debug;
		};
		0191F48C2846712700B29F6C /* Release */ = {
			isa = XCBuildConfiguration;
			buildSettings = {
				ALWAYS_SEARCH_USER_PATHS = NO;
				CLANG_ANALYZER_NONNULL = YES;
				CLANG_ANALYZER_NUMBER_OBJECT_CONVERSION = YES_AGGRESSIVE;
				CLANG_CXX_LANGUAGE_STANDARD = "gnu++17";
				CLANG_ENABLE_MODULES = YES;
				CLANG_ENABLE_OBJC_ARC = YES;
				CLANG_ENABLE_OBJC_WEAK = YES;
				CLANG_WARN_BLOCK_CAPTURE_AUTORELEASING = YES;
				CLANG_WARN_BOOL_CONVERSION = YES;
				CLANG_WARN_COMMA = YES;
				CLANG_WARN_CONSTANT_CONVERSION = YES;
				CLANG_WARN_DEPRECATED_OBJC_IMPLEMENTATIONS = YES;
				CLANG_WARN_DIRECT_OBJC_ISA_USAGE = YES_ERROR;
				CLANG_WARN_DOCUMENTATION_COMMENTS = YES;
				CLANG_WARN_EMPTY_BODY = YES;
				CLANG_WARN_ENUM_CONVERSION = YES;
				CLANG_WARN_INFINITE_RECURSION = YES;
				CLANG_WARN_INT_CONVERSION = YES;
				CLANG_WARN_NON_LITERAL_NULL_CONVERSION = YES;
				CLANG_WARN_OBJC_IMPLICIT_RETAIN_SELF = YES;
				CLANG_WARN_OBJC_LITERAL_CONVERSION = YES;
				CLANG_WARN_OBJC_ROOT_CLASS = YES_ERROR;
				CLANG_WARN_QUOTED_INCLUDE_IN_FRAMEWORK_HEADER = YES;
				CLANG_WARN_RANGE_LOOP_ANALYSIS = YES;
				CLANG_WARN_STRICT_PROTOTYPES = YES;
				CLANG_WARN_SUSPICIOUS_MOVE = YES;
				CLANG_WARN_UNGUARDED_AVAILABILITY = YES_AGGRESSIVE;
				CLANG_WARN_UNREACHABLE_CODE = YES;
				CLANG_WARN__DUPLICATE_METHOD_MATCH = YES;
				COPY_PHASE_STRIP = NO;
				DEBUG_INFORMATION_FORMAT = "dwarf-with-dsym";
				ENABLE_NS_ASSERTIONS = NO;
				ENABLE_STRICT_OBJC_MSGSEND = YES;
				GCC_C_LANGUAGE_STANDARD = gnu11;
				GCC_NO_COMMON_BLOCKS = YES;
				GCC_WARN_64_TO_32_BIT_CONVERSION = YES;
				GCC_WARN_ABOUT_RETURN_TYPE = YES_ERROR;
				GCC_WARN_UNDECLARED_SELECTOR = YES;
				GCC_WARN_UNINITIALIZED_AUTOS = YES_AGGRESSIVE;
				GCC_WARN_UNUSED_FUNCTION = YES;
				GCC_WARN_UNUSED_VARIABLE = YES;
				IPHONEOS_DEPLOYMENT_TARGET = 15.5;
				MTL_ENABLE_DEBUG_INFO = NO;
				MTL_FAST_MATH = YES;
				SDKROOT = iphoneos;
				SWIFT_COMPILATION_MODE = wholemodule;
				SWIFT_OPTIMIZATION_LEVEL = "-O";
				VALIDATE_PRODUCT = YES;
			};
			name = Release;
		};
		0191F48E2846712700B29F6C /* Debug */ = {
			isa = XCBuildConfiguration;
			buildSettings = {
				ASSETCATALOG_COMPILER_APPICON_NAME = AppIcon;
				ASSETCATALOG_COMPILER_GLOBAL_ACCENT_COLOR_NAME = AccentColor;
				CODE_SIGN_STYLE = Automatic;
				CURRENT_PROJECT_VERSION = 1;
				GENERATE_INFOPLIST_FILE = YES;
				INFOPLIST_FILE = "ADG Login/Info.plist";
				INFOPLIST_KEY_UIApplicationSupportsIndirectInputEvents = YES;
				INFOPLIST_KEY_UILaunchStoryboardName = LaunchScreen;
				INFOPLIST_KEY_UIMainStoryboardFile = Main;
				INFOPLIST_KEY_UISupportedInterfaceOrientations_iPad = "UIInterfaceOrientationPortrait UIInterfaceOrientationPortraitUpsideDown UIInterfaceOrientationLandscapeLeft UIInterfaceOrientationLandscapeRight";
				INFOPLIST_KEY_UISupportedInterfaceOrientations_iPhone = "UIInterfaceOrientationPortrait UIInterfaceOrientationLandscapeLeft UIInterfaceOrientationLandscapeRight";
				LD_RUNPATH_SEARCH_PATHS = (
					"$(inherited)",
					"@executable_path/Frameworks",
				);
				MARKETING_VERSION = 1.0;
				PRODUCT_BUNDLE_IDENTIFIER = "BhavyaJain.ADG-Login";
				PRODUCT_NAME = "$(TARGET_NAME)";
				SWIFT_EMIT_LOC_STRINGS = YES;
				SWIFT_VERSION = 5.0;
				TARGETED_DEVICE_FAMILY = "1,2";
			};
			name = Debug;
		};
		0191F48F2846712700B29F6C /* Release */ = {
			isa = XCBuildConfiguration;
			buildSettings = {
				ASSETCATALOG_COMPILER_APPICON_NAME = AppIcon;
				ASSETCATALOG_COMPILER_GLOBAL_ACCENT_COLOR_NAME = AccentColor;
				CODE_SIGN_STYLE = Automatic;
				CURRENT_PROJECT_VERSION = 1;
				GENERATE_INFOPLIST_FILE = YES;
				INFOPLIST_FILE = "ADG Login/Info.plist";
				INFOPLIST_KEY_UIApplicationSupportsIndirectInputEvents = YES;
				INFOPLIST_KEY_UILaunchStoryboardName = LaunchScreen;
				INFOPLIST_KEY_UIMainStoryboardFile = Main;
				INFOPLIST_KEY_UISupportedInterfaceOrientations_iPad = "UIInterfaceOrientationPortrait UIInterfaceOrientationPortraitUpsideDown UIInterfaceOrientationLandscapeLeft UIInterfaceOrientationLandscapeRight";
				INFOPLIST_KEY_UISupportedInterfaceOrientations_iPhone = "UIInterfaceOrientationPortrait UIInterfaceOrientationLandscapeLeft UIInterfaceOrientationLandscapeRight";
				LD_RUNPATH_SEARCH_PATHS = (
					"$(inherited)",
					"@executable_path/Frameworks",
				);
				MARKETING_VERSION = 1.0;
				PRODUCT_BUNDLE_IDENTIFIER = "BhavyaJain.ADG-Login";
				PRODUCT_NAME = "$(TARGET_NAME)";
				SWIFT_EMIT_LOC_STRINGS = YES;
				SWIFT_VERSION = 5.0;
				TARGETED_DEVICE_FAMILY = "1,2";
			};
			name = Release;
		};
		0191F4912846712700B29F6C /* Debug */ = {
			isa = XCBuildConfiguration;
			buildSettings = {
				ALWAYS_EMBED_SWIFT_STANDARD_LIBRARIES = YES;
				BUNDLE_LOADER = "$(TEST_HOST)";
				CODE_SIGN_STYLE = Automatic;
				CURRENT_PROJECT_VERSION = 1;
				GENERATE_INFOPLIST_FILE = YES;
				IPHONEOS_DEPLOYMENT_TARGET = 15.5;
				MARKETING_VERSION = 1.0;
				PRODUCT_BUNDLE_IDENTIFIER = "BhavyaJain.ADG-LoginTests";
				PRODUCT_NAME = "$(TARGET_NAME)";
				SWIFT_EMIT_LOC_STRINGS = NO;
				SWIFT_VERSION = 5.0;
				TARGETED_DEVICE_FAMILY = "1,2";
				TEST_HOST = "$(BUILT_PRODUCTS_DIR)/ADG Login.app/ADG Login";
			};
			name = Debug;
		};
		0191F4922846712700B29F6C /* Release */ = {
			isa = XCBuildConfiguration;
			buildSettings = {
				ALWAYS_EMBED_SWIFT_STANDARD_LIBRARIES = YES;
				BUNDLE_LOADER = "$(TEST_HOST)";
				CODE_SIGN_STYLE = Automatic;
				CURRENT_PROJECT_VERSION = 1;
				GENERATE_INFOPLIST_FILE = YES;
				IPHONEOS_DEPLOYMENT_TARGET = 15.5;
				MARKETING_VERSION = 1.0;
				PRODUCT_BUNDLE_IDENTIFIER = "BhavyaJain.ADG-LoginTests";
				PRODUCT_NAME = "$(TARGET_NAME)";
				SWIFT_EMIT_LOC_STRINGS = NO;
				SWIFT_VERSION = 5.0;
				TARGETED_DEVICE_FAMILY = "1,2";
				TEST_HOST = "$(BUILT_PRODUCTS_DIR)/ADG Login.app/ADG Login";
			};
			name = Release;
		};
		0191F4942846712700B29F6C /* Debug */ = {
			isa = XCBuildConfiguration;
			buildSettings = {
				ALWAYS_EMBED_SWIFT_STANDARD_LIBRARIES = YES;
				CODE_SIGN_STYLE = Automatic;
				CURRENT_PROJECT_VERSION = 1;
				GENERATE_INFOPLIST_FILE = YES;
				MARKETING_VERSION = 1.0;
				PRODUCT_BUNDLE_IDENTIFIER = "BhavyaJain.ADG-LoginUITests";
				PRODUCT_NAME = "$(TARGET_NAME)";
				SWIFT_EMIT_LOC_STRINGS = NO;
				SWIFT_VERSION = 5.0;
				TARGETED_DEVICE_FAMILY = "1,2";
				TEST_TARGET_NAME = "ADG Login";
			};
			name = Debug;
		};
		0191F4952846712700B29F6C /* Release */ = {
			isa = XCBuildConfiguration;
			buildSettings = {
				ALWAYS_EMBED_SWIFT_STANDARD_LIBRARIES = YES;
				CODE_SIGN_STYLE = Automatic;
				CURRENT_PROJECT_VERSION = 1;
				GENERATE_INFOPLIST_FILE = YES;
				MARKETING_VERSION = 1.0;
				PRODUCT_BUNDLE_IDENTIFIER = "BhavyaJain.ADG-LoginUITests";
				PRODUCT_NAME = "$(TARGET_NAME)";
				SWIFT_EMIT_LOC_STRINGS = NO;
				SWIFT_VERSION = 5.0;
				TARGETED_DEVICE_FAMILY = "1,2";
				TEST_TARGET_NAME = "ADG Login";
			};
			name = Release;
		};
/* End XCBuildConfiguration section */

/* Begin XCConfigurationList section */
		0191F45E2846712500B29F6C /* Build configuration list for PBXProject "ADG Login" */ = {
			isa = XCConfigurationList;
			buildConfigurations = (
				0191F48B2846712700B29F6C /* Debug */,
				0191F48C2846712700B29F6C /* Release */,
			);
			defaultConfigurationIsVisible = 0;
			defaultConfigurationName = Release;
		};
		0191F48D2846712700B29F6C /* Build configuration list for PBXNativeTarget "ADG Login" */ = {
			isa = XCConfigurationList;
			buildConfigurations = (
				0191F48E2846712700B29F6C /* Debug */,
				0191F48F2846712700B29F6C /* Release */,
			);
			defaultConfigurationIsVisible = 0;
			defaultConfigurationName = Release;
		};
		0191F4902846712700B29F6C /* Build configuration list for PBXNativeTarget "ADG LoginTests" */ = {
			isa = XCConfigurationList;
			buildConfigurations = (
				0191F4912846712700B29F6C /* Debug */,
				0191F4922846712700B29F6C /* Release */,
			);
			defaultConfigurationIsVisible = 0;
			defaultConfigurationName = Release;
		};
		0191F4932846712700B29F6C /* Build configuration list for PBXNativeTarget "ADG LoginUITests" */ = {
			isa = XCConfigurationList;
			buildConfigurations = (
				0191F4942846712700B29F6C /* Debug */,
				0191F4952846712700B29F6C /* Release */,
			);
			defaultConfigurationIsVisible = 0;
			defaultConfigurationName = Release;
		};
/* End XCConfigurationList section */
	};
	rootObject = 0191F45B2846712500B29F6C /* Project object */;
}
